<?xml version="1.0" encoding="utf-8"?>
<Project ToolsVersion="4.0" xmlns="http://schemas.microsoft.com/developer/msbuild/2003">
  <ItemGroup>
    <Filter Include="Source Files">
      <UniqueIdentifier>{4FC737F1-C7A5-4376-A066-2A32D752A2FF}</UniqueIdentifier>
      <Extensions>cpp;c;cc;cxx;def;odl;idl;hpj;bat;asm;asmx</Extensions>
    </Filter>
    <Filter Include="Header Files">
      <UniqueIdentifier>{93995380-89BD-4b04-88EB-625FBE52EBFB}</UniqueIdentifier>
      <Extensions>h;hh;hpp;hxx;hm;inl;inc;xsd</Extensions>
    </Filter>
    <Filter Include="Resource Files">
      <UniqueIdentifier>{67DA6AB6-F800-4c08-8B7A-83BB121AAD01}</UniqueIdentifier>
      <Extensions>rc;ico;cur;bmp;dlg;rc2;rct;bin;rgs;gif;jpg;jpeg;jpe;resx;tiff;tif;png;wav;mfcribbon-ms</Extensions>
    </Filter>
  </ItemGroup>
  <ItemGroup>
    <ClCompile Include="main.cpp">
      <Filter>Source Files</Filter>
    </ClCompile>
    <ClCompile Include="frrjif.cpp">
      <Filter>Source Files</Filter>
    </ClCompile>
    <ClCompile Include="frrobotiflib.cpp">
      <Filter>Source Files</Filter>
    </ClCompile>
    <ClCompile Include="StdAfx.cpp">
      <Filter>Source Files</Filter>
    </ClCompile>
    <ClCompile Include="Fanuc.cpp">
      <Filter>Source Files</Filter>
    </ClCompile>
    <ClCompile Include="TrajectoryForm.cpp">
      <Filter>Source Files</Filter>
    </ClCompile>
    <ClCompile Include="MainFormDlg.cpp">
      <Filter>Source Files</Filter>
    </ClCompile>
    <ClCompile Include="RobotControllerDlg.cpp">
      <Filter>Source Files</Filter>
    </ClCompile>
    <ClCompile Include="CustomFormDlg.cpp">
      <Filter>Source Files</Filter>
    </ClCompile>
    <ClCompile Include="OpenHaptic.cpp">
      <Filter>Source Files</Filter>
    </ClCompile>
    <ClCompile Include="ForceCalibrationForm.cpp">
      <Filter>Source Files</Filter>
    </ClCompile>
    <ClCompile Include="CoppeliaForm.cpp">
      <Filter>Source Files</Filter>
    </ClCompile>
    <ClCompile Include="coppeliasim.cpp">
      <Filter>Source Files</Filter>
    </ClCompile>
    <ClCompile Include="extApi.cpp">
      <Filter>Source Files</Filter>
    </ClCompile>
    <ClCompile Include="extApiPlatform.cpp">
      <Filter>Source Files</Filter>
    </ClCompile>
    <ClCompile Include="Moving.cpp">
      <Filter>Source Files</Filter>
    </ClCompile>
    <ClCompile Include="HomogeneousTransform.cpp">
      <Filter>Source Files</Filter>
    </ClCompile>
    <ClCompile Include="MyForm.cpp">
      <Filter>Source Files</Filter>
    </ClCompile>
  </ItemGroup>
  <ItemGroup>
    <ClInclude Include="frrjif.h">
      <Filter>Header Files</Filter>
    </ClInclude>
    <ClInclude Include="frrobotiflib.h">
      <Filter>Header Files</Filter>
    </ClInclude>
    <ClInclude Include="StdAfx.h">
      <Filter>Header Files</Filter>
    </ClInclude>
    <ClInclude Include="Fanuc.h">
      <Filter>Header Files</Filter>
    </ClInclude>
    <ClInclude Include="TrajectoryForm.h">
      <Filter>Header Files</Filter>
    </ClInclude>
    <ClInclude Include="MainFormDlg.h">
      <Filter>Header Files</Filter>
    </ClInclude>
    <ClInclude Include="main.h">
      <Filter>Header Files</Filter>
    </ClInclude>
    <ClInclude Include="RobotControllerDlg.h">
      <Filter>Header Files</Filter>
    </ClInclude>
    <ClInclude Include="CustomFormDlg.h">
      <Filter>Header Files</Filter>
    </ClInclude>
    <ClInclude Include="OpenHaptic.h">
      <Filter>Header Files</Filter>
    </ClInclude>
    <ClInclude Include="ForceCalibrationForm.h">
      <Filter>Header Files</Filter>
    </ClInclude>
    <ClInclude Include="extApiInternal.h">
      <Filter>Header Files</Filter>
    </ClInclude>
    <ClInclude Include="extApiPlatform.h">
      <Filter>Header Files</Filter>
    </ClInclude>
    <ClInclude Include="extApi.h">
      <Filter>Header Files</Filter>
    </ClInclude>
    <ClInclude Include="coppeliasim.h">
      <Filter>Header Files</Filter>
    </ClInclude>
    <ClInclude Include="CoppeliaForm.h">
      <Filter>Header Files</Filter>
    </ClInclude>
    <ClInclude Include="HomogeneousTransform.h">
      <Filter>Header Files</Filter>
    </ClInclude>
    <ClInclude Include="MyForm.h">
      <Filter>Header Files</Filter>
    </ClInclude>
  </ItemGroup>
  <ItemGroup>
    <EmbeddedResource Include="TrajectoryForm.resx">
      <Filter>Resource Files</Filter>
    </EmbeddedResource>
    <EmbeddedResource Include="MainFormDlg.resx">
      <Filter>Resource Files</Filter>
    </EmbeddedResource>
    <EmbeddedResource Include="CustomFormDlg.resx">
      <Filter>Resource Files</Filter>
    </EmbeddedResource>
    <EmbeddedResource Include="RobotControllerDlg.resx">
      <Filter>Resource Files</Filter>
    </EmbeddedResource>
    <EmbeddedResource Include="ForceCalibrationForm.resx">
      <Filter>Resource Files</Filter>
    </EmbeddedResource>
    <EmbeddedResource Include="CoppeliaForm.resx">
      <Filter>Resource Files</Filter>
    </EmbeddedResource>
    <EmbeddedResource Include="MyForm.resx">
      <Filter>Resource Files</Filter>
    </EmbeddedResource>
  </ItemGroup>
  <ItemGroup>
    <None Include="app.config" />
  </ItemGroup>
</Project>